
Microsoft Visual Studio Solution File, Format Version 12.00
# Visual Studio Version 16
VisualStudioVersion = 16.0.31424.327
MinimumVisualStudioVersion = 10.0.40219.1
Project("{FAE04EC0-301F-11D3-BF4B-00C04F79EFBC}") = "MembrosEstaticos", "MembrosEstaticos\MembrosEstaticos.csproj", "{5C975EBB-0579-4F2B-ACCE-90E348C1D82D}"
EndProject
Global
	GlobalSection(SolutionConfigurationPlatforms) = preSolution
		Debug|Any CPU = Debug|Any CPU
		Release|Any CPU = Release|Any CPU
	EndGlobalSection
	GlobalSection(ProjectConfigurationPlatforms) = postSolution
		{5C975EBB-0579-4F2B-ACCE-90E348C1D82D}.Debug|Any CPU.ActiveCfg = Debug|Any CPU
		{5C975EBB-0579-4F2B-ACCE-90E348C1D82D}.Debug|Any CPU.Build.0 = Debug|Any CPU
		{5C975EBB-0579-4F2B-ACCE-90E348C1D82D}.Release|Any CPU.ActiveCfg = Release|Any CPU
		{5C975EBB-0579-4F2B-ACCE-90E348C1D82D}.Release|Any CPU.Build.0 = Release|Any CPU
	EndGlobalSection
	GlobalSection(SolutionProperties) = preSolution
		HideSolutionNode = FALSE
	EndGlobalSection
	GlobalSection(ExtensibilityGlobals) = postSolution
		SolutionGuid = {BE49D000-D860-4A05-AF10-5973A696937F}
	EndGlobalSection
EndGlobal
