
Microsoft Visual Studio Solution File, Format Version 12.00
# Visual Studio Version 16
VisualStudioVersion = 16.0.32413.511
MinimumVisualStudioVersion = 10.0.40219.1
Project("{FAE04EC0-301F-11D3-BF4B-00C04F79EFBC}") = "Aula14", "Aula14\Aula14.csproj", "{83A77B4E-4C85-4CCF-A16D-D2F70E0043DE}"
EndProject
Global
	GlobalSection(SolutionConfigurationPlatforms) = preSolution
		Debug|Any CPU = Debug|Any CPU
		Release|Any CPU = Release|Any CPU
	EndGlobalSection
	GlobalSection(ProjectConfigurationPlatforms) = postSolution
		{83A77B4E-4C85-4CCF-A16D-D2F70E0043DE}.Debug|Any CPU.ActiveCfg = Debug|Any CPU
		{83A77B4E-4C85-4CCF-A16D-D2F70E0043DE}.Debug|Any CPU.Build.0 = Debug|Any CPU
		{83A77B4E-4C85-4CCF-A16D-D2F70E0043DE}.Release|Any CPU.ActiveCfg = Release|Any CPU
		{83A77B4E-4C85-4CCF-A16D-D2F70E0043DE}.Release|Any CPU.Build.0 = Release|Any CPU
	EndGlobalSection
	GlobalSection(SolutionProperties) = preSolution
		HideSolutionNode = FALSE
	EndGlobalSection
	GlobalSection(ExtensibilityGlobals) = postSolution
		SolutionGuid = {637B76E8-9D2C-4E22-9BC9-CCFD565676B4}
	EndGlobalSection
EndGlobal
