
Microsoft Visual Studio Solution File, Format Version 12.00
# Visual Studio Version 16
VisualStudioVersion = 16.0.32630.194
MinimumVisualStudioVersion = 10.0.40219.1
Project("{FAE04EC0-301F-11D3-BF4B-00C04F79EFBC}") = "Aula08", "Aula08\Aula08.csproj", "{63BE47E4-729F-43B4-BAAC-C0A3728BD6D4}"
EndProject
Global
	GlobalSection(SolutionConfigurationPlatforms) = preSolution
		Debug|Any CPU = Debug|Any CPU
		Release|Any CPU = Release|Any CPU
	EndGlobalSection
	GlobalSection(ProjectConfigurationPlatforms) = postSolution
		{63BE47E4-729F-43B4-BAAC-C0A3728BD6D4}.Debug|Any CPU.ActiveCfg = Debug|Any CPU
		{63BE47E4-729F-43B4-BAAC-C0A3728BD6D4}.Debug|Any CPU.Build.0 = Debug|Any CPU
		{63BE47E4-729F-43B4-BAAC-C0A3728BD6D4}.Release|Any CPU.ActiveCfg = Release|Any CPU
		{63BE47E4-729F-43B4-BAAC-C0A3728BD6D4}.Release|Any CPU.Build.0 = Release|Any CPU
	EndGlobalSection
	GlobalSection(SolutionProperties) = preSolution
		HideSolutionNode = FALSE
	EndGlobalSection
	GlobalSection(ExtensibilityGlobals) = postSolution
		SolutionGuid = {A6B30773-7724-4242-AFA3-AC68B81ED0DC}
	EndGlobalSection
EndGlobal
