
Microsoft Visual Studio Solution File, Format Version 12.00
# Visual Studio Version 16
VisualStudioVersion = 16.0.32413.511
MinimumVisualStudioVersion = 10.0.40219.1
Project("{FAE04EC0-301F-11D3-BF4B-00C04F79EFBC}") = "Aula10", "Aula10\Aula10.csproj", "{6EC76983-179C-4EAE-A1D9-CF80F161444A}"
EndProject
Global
	GlobalSection(SolutionConfigurationPlatforms) = preSolution
		Debug|Any CPU = Debug|Any CPU
		Release|Any CPU = Release|Any CPU
	EndGlobalSection
	GlobalSection(ProjectConfigurationPlatforms) = postSolution
		{6EC76983-179C-4EAE-A1D9-CF80F161444A}.Debug|Any CPU.ActiveCfg = Debug|Any CPU
		{6EC76983-179C-4EAE-A1D9-CF80F161444A}.Debug|Any CPU.Build.0 = Debug|Any CPU
		{6EC76983-179C-4EAE-A1D9-CF80F161444A}.Release|Any CPU.ActiveCfg = Release|Any CPU
		{6EC76983-179C-4EAE-A1D9-CF80F161444A}.Release|Any CPU.Build.0 = Release|Any CPU
	EndGlobalSection
	GlobalSection(SolutionProperties) = preSolution
		HideSolutionNode = FALSE
	EndGlobalSection
	GlobalSection(ExtensibilityGlobals) = postSolution
		SolutionGuid = {463A4BEE-67CC-4C62-874D-171F42B19097}
	EndGlobalSection
EndGlobal
