
Microsoft Visual Studio Solution File, Format Version 12.00
# Visual Studio Version 16
VisualStudioVersion = 16.0.31424.327
MinimumVisualStudioVersion = 10.0.40219.1
Project("{FAE04EC0-301F-11D3-BF4B-00C04F79EFBC}") = "Encapsulamento", "Encapsulamento\Encapsulamento.csproj", "{75F08A01-CFD2-4835-B7C2-6CA0866B0ED8}"
EndProject
Global
	GlobalSection(SolutionConfigurationPlatforms) = preSolution
		Debug|Any CPU = Debug|Any CPU
		Release|Any CPU = Release|Any CPU
	EndGlobalSection
	GlobalSection(ProjectConfigurationPlatforms) = postSolution
		{75F08A01-CFD2-4835-B7C2-6CA0866B0ED8}.Debug|Any CPU.ActiveCfg = Debug|Any CPU
		{75F08A01-CFD2-4835-B7C2-6CA0866B0ED8}.Debug|Any CPU.Build.0 = Debug|Any CPU
		{75F08A01-CFD2-4835-B7C2-6CA0866B0ED8}.Release|Any CPU.ActiveCfg = Release|Any CPU
		{75F08A01-CFD2-4835-B7C2-6CA0866B0ED8}.Release|Any CPU.Build.0 = Release|Any CPU
	EndGlobalSection
	GlobalSection(SolutionProperties) = preSolution
		HideSolutionNode = FALSE
	EndGlobalSection
	GlobalSection(ExtensibilityGlobals) = postSolution
		SolutionGuid = {A480400F-28B2-4C2C-8DAB-91A50CDED5AC}
	EndGlobalSection
EndGlobal
