
Microsoft Visual Studio Solution File, Format Version 12.00
# Visual Studio Version 16
VisualStudioVersion = 16.0.31424.327
MinimumVisualStudioVersion = 10.0.40219.1
Project("{FAE04EC0-301F-11D3-BF4B-00C04F79EFBC}") = "Exercicios", "Exercicios\Exercicios.csproj", "{00831159-F584-4F2E-AC44-DFCD6BF8DB5B}"
EndProject
Global
	GlobalSection(SolutionConfigurationPlatforms) = preSolution
		Debug|Any CPU = Debug|Any CPU
		Release|Any CPU = Release|Any CPU
	EndGlobalSection
	GlobalSection(ProjectConfigurationPlatforms) = postSolution
		{00831159-F584-4F2E-AC44-DFCD6BF8DB5B}.Debug|Any CPU.ActiveCfg = Debug|Any CPU
		{00831159-F584-4F2E-AC44-DFCD6BF8DB5B}.Debug|Any CPU.Build.0 = Debug|Any CPU
		{00831159-F584-4F2E-AC44-DFCD6BF8DB5B}.Release|Any CPU.ActiveCfg = Release|Any CPU
		{00831159-F584-4F2E-AC44-DFCD6BF8DB5B}.Release|Any CPU.Build.0 = Release|Any CPU
	EndGlobalSection
	GlobalSection(SolutionProperties) = preSolution
		HideSolutionNode = FALSE
	EndGlobalSection
	GlobalSection(ExtensibilityGlobals) = postSolution
		SolutionGuid = {47447E9A-274F-4455-8A22-A19DE64A4E39}
	EndGlobalSection
EndGlobal
