
Microsoft Visual Studio Solution File, Format Version 12.00
# Visual Studio Version 16
VisualStudioVersion = 16.0.32630.194
MinimumVisualStudioVersion = 10.0.40219.1
Project("{FAE04EC0-301F-11D3-BF4B-00C04F79EFBC}") = "Aula08", "Aula08\Aula08.csproj", "{2AE9E725-CBF1-4320-AB09-2EFD26D3DAC4}"
EndProject
Global
	GlobalSection(SolutionConfigurationPlatforms) = preSolution
		Debug|Any CPU = Debug|Any CPU
		Release|Any CPU = Release|Any CPU
	EndGlobalSection
	GlobalSection(ProjectConfigurationPlatforms) = postSolution
		{2AE9E725-CBF1-4320-AB09-2EFD26D3DAC4}.Debug|Any CPU.ActiveCfg = Debug|Any CPU
		{2AE9E725-CBF1-4320-AB09-2EFD26D3DAC4}.Debug|Any CPU.Build.0 = Debug|Any CPU
		{2AE9E725-CBF1-4320-AB09-2EFD26D3DAC4}.Release|Any CPU.ActiveCfg = Release|Any CPU
		{2AE9E725-CBF1-4320-AB09-2EFD26D3DAC4}.Release|Any CPU.Build.0 = Release|Any CPU
	EndGlobalSection
	GlobalSection(SolutionProperties) = preSolution
		HideSolutionNode = FALSE
	EndGlobalSection
	GlobalSection(ExtensibilityGlobals) = postSolution
		SolutionGuid = {6033008E-EB1A-4D24-ABD6-72AD0487E88C}
	EndGlobalSection
EndGlobal
