
Microsoft Visual Studio Solution File, Format Version 12.00
# Visual Studio Version 16
VisualStudioVersion = 16.0.31424.327
MinimumVisualStudioVersion = 10.0.40219.1
Project("{FAE04EC0-301F-11D3-BF4B-00C04F79EFBC}") = "DAL", "DAL\DAL.csproj", "{1E833B12-5006-4072-80A9-FFBCA44D3CE0}"
EndProject
Project("{FAE04EC0-301F-11D3-BF4B-00C04F79EFBC}") = "Site", "Site\Site.csproj", "{F282B4E8-C880-47D9-8985-0786F26441CC}"
EndProject
Global
	GlobalSection(SolutionConfigurationPlatforms) = preSolution
		Debug|Any CPU = Debug|Any CPU
		Release|Any CPU = Release|Any CPU
	EndGlobalSection
	GlobalSection(ProjectConfigurationPlatforms) = postSolution
		{1E833B12-5006-4072-80A9-FFBCA44D3CE0}.Debug|Any CPU.ActiveCfg = Debug|Any CPU
		{1E833B12-5006-4072-80A9-FFBCA44D3CE0}.Debug|Any CPU.Build.0 = Debug|Any CPU
		{1E833B12-5006-4072-80A9-FFBCA44D3CE0}.Release|Any CPU.ActiveCfg = Release|Any CPU
		{1E833B12-5006-4072-80A9-FFBCA44D3CE0}.Release|Any CPU.Build.0 = Release|Any CPU
		{F282B4E8-C880-47D9-8985-0786F26441CC}.Debug|Any CPU.ActiveCfg = Debug|Any CPU
		{F282B4E8-C880-47D9-8985-0786F26441CC}.Debug|Any CPU.Build.0 = Debug|Any CPU
		{F282B4E8-C880-47D9-8985-0786F26441CC}.Release|Any CPU.ActiveCfg = Release|Any CPU
		{F282B4E8-C880-47D9-8985-0786F26441CC}.Release|Any CPU.Build.0 = Release|Any CPU
	EndGlobalSection
	GlobalSection(SolutionProperties) = preSolution
		HideSolutionNode = FALSE
	EndGlobalSection
	GlobalSection(ExtensibilityGlobals) = postSolution
		SolutionGuid = {15736569-E443-4429-82B6-B72FD2FB85CE}
	EndGlobalSection
EndGlobal
