
Microsoft Visual Studio Solution File, Format Version 12.00
# Visual Studio Version 16
VisualStudioVersion = 16.0.31424.327
MinimumVisualStudioVersion = 10.0.40219.1
Project("{FAE04EC0-301F-11D3-BF4B-00C04F79EFBC}") = "ConsultaCEP_WF", "ConsultaCEP_WF\ConsultaCEP_WF.csproj", "{AD606649-E1C4-4C2B-86D6-C2FE5AEDAF59}"
EndProject
Global
	GlobalSection(SolutionConfigurationPlatforms) = preSolution
		Debug|Any CPU = Debug|Any CPU
		Release|Any CPU = Release|Any CPU
	EndGlobalSection
	GlobalSection(ProjectConfigurationPlatforms) = postSolution
		{AD606649-E1C4-4C2B-86D6-C2FE5AEDAF59}.Debug|Any CPU.ActiveCfg = Debug|Any CPU
		{AD606649-E1C4-4C2B-86D6-C2FE5AEDAF59}.Debug|Any CPU.Build.0 = Debug|Any CPU
		{AD606649-E1C4-4C2B-86D6-C2FE5AEDAF59}.Release|Any CPU.ActiveCfg = Release|Any CPU
		{AD606649-E1C4-4C2B-86D6-C2FE5AEDAF59}.Release|Any CPU.Build.0 = Release|Any CPU
	EndGlobalSection
	GlobalSection(SolutionProperties) = preSolution
		HideSolutionNode = FALSE
	EndGlobalSection
	GlobalSection(ExtensibilityGlobals) = postSolution
		SolutionGuid = {F8061F8C-8003-4205-82B5-B1621D7CF228}
	EndGlobalSection
EndGlobal
