
Microsoft Visual Studio Solution File, Format Version 12.00
# Visual Studio Version 16
VisualStudioVersion = 16.0.31424.327
MinimumVisualStudioVersion = 10.0.40219.1
Project("{FAE04EC0-301F-11D3-BF4B-00C04F79EFBC}") = "CalculandoConsorcio", "CalculandoConsorcio\CalculandoConsorcio.csproj", "{CD07464B-5E5D-4A0E-93A5-709BCD223811}"
EndProject
Global
	GlobalSection(SolutionConfigurationPlatforms) = preSolution
		Debug|Any CPU = Debug|Any CPU
		Release|Any CPU = Release|Any CPU
	EndGlobalSection
	GlobalSection(ProjectConfigurationPlatforms) = postSolution
		{CD07464B-5E5D-4A0E-93A5-709BCD223811}.Debug|Any CPU.ActiveCfg = Debug|Any CPU
		{CD07464B-5E5D-4A0E-93A5-709BCD223811}.Debug|Any CPU.Build.0 = Debug|Any CPU
		{CD07464B-5E5D-4A0E-93A5-709BCD223811}.Release|Any CPU.ActiveCfg = Release|Any CPU
		{CD07464B-5E5D-4A0E-93A5-709BCD223811}.Release|Any CPU.Build.0 = Release|Any CPU
	EndGlobalSection
	GlobalSection(SolutionProperties) = preSolution
		HideSolutionNode = FALSE
	EndGlobalSection
	GlobalSection(ExtensibilityGlobals) = postSolution
		SolutionGuid = {25587055-6A74-46FF-8D4B-D17E0A6FB1AA}
	EndGlobalSection
EndGlobal
