
Microsoft Visual Studio Solution File, Format Version 12.00
# Visual Studio Version 16
VisualStudioVersion = 16.0.32413.511
MinimumVisualStudioVersion = 10.0.40219.1
Project("{FAE04EC0-301F-11D3-BF4B-00C04F79EFBC}") = "Aula07", "Aula07\Aula07.csproj", "{914BD2C3-484D-43F6-8255-24B1986EB9EF}"
EndProject
Global
	GlobalSection(SolutionConfigurationPlatforms) = preSolution
		Debug|Any CPU = Debug|Any CPU
		Release|Any CPU = Release|Any CPU
	EndGlobalSection
	GlobalSection(ProjectConfigurationPlatforms) = postSolution
		{914BD2C3-484D-43F6-8255-24B1986EB9EF}.Debug|Any CPU.ActiveCfg = Debug|Any CPU
		{914BD2C3-484D-43F6-8255-24B1986EB9EF}.Debug|Any CPU.Build.0 = Debug|Any CPU
		{914BD2C3-484D-43F6-8255-24B1986EB9EF}.Release|Any CPU.ActiveCfg = Release|Any CPU
		{914BD2C3-484D-43F6-8255-24B1986EB9EF}.Release|Any CPU.Build.0 = Release|Any CPU
	EndGlobalSection
	GlobalSection(SolutionProperties) = preSolution
		HideSolutionNode = FALSE
	EndGlobalSection
	GlobalSection(ExtensibilityGlobals) = postSolution
		SolutionGuid = {483998CD-AD58-4C81-B8F6-53855A605559}
	EndGlobalSection
EndGlobal
